<?xml version="1.0" encoding="utf-8"?>
<Project ToolsVersion="4.0" xmlns="http://schemas.microsoft.com/developer/msbuild/2003">
  <ItemGroup>
    <Filter Include="Common">
      <UniqueIdentifier>566eac11-563e-49f9-98b7-e3fd79482449</UniqueIdentifier>
    </Filter>
    <Filter Include="Assets">
      <UniqueIdentifier>70dad81f-e9d4-4303-a956-17522f9a309f</UniqueIdentifier>
      <Extensions>ico;cur;bmp;dds;dlg;fbx;rct;bin;rgs;gif;jpg;jpeg;jpe;resx;tga;tiff;tif;png;wav;mfcribbon-ms</Extensions>
    </Filter>
  </ItemGroup>
  <ItemGroup>
    <ClInclude Include="pch.h" />
    <ClInclude Include="StepTimer.h">
      <Filter>Common</Filter>
    </ClInclude>
    <ClInclude Include="DeviceResources.h">
      <Filter>Common</Filter>
    </ClInclude>
    <ClInclude Include="Game\Game.h" />
    <ClInclude Include="Game\Screen.h" />
    <ClInclude Include="GameLib\GameMath\Easing.h" />
    <ClInclude Include="GameLib\GameMath\GameMath.h" />
    <ClInclude Include="GameLib\GameMath\Range.h" />
    <ClInclude Include="GameLib\Input\KeyInput.h" />
    <ClInclude Include="GameLib\Input\MouseInput.h" />
    <ClInclude Include="GameLib\Resources\ResourceManager.h" />
    <ClInclude Include="GameLib\Scene\Scene.h" />
    <ClInclude Include="GameLib\Scene\SceneManager.h" />
    <ClInclude Include="GameLib\Scene\Scenes.h" />
    <ClInclude Include="GameLib\Scene\Transition\FadeTransition.h" />
    <ClInclude Include="GameLib\Scene\Transition\SceneTransition.h" />
    <ClInclude Include="GameLib\Scene\Transition\Transitions.h" />
    <ClInclude Include="GameLib\Common\State\BaseState.h" />
    <ClInclude Include="GameLib\Common\State\StateMachine.h" />
    <ClInclude Include="GameLib\Common\State\TransitionRule.h" />
    <ClInclude Include="GameLib\ContainerExtensions.h" />
    <ClInclude Include="GameLib\MyRenderer.h" />
    <ClInclude Include="GameLib\Random.h" />
    <ClInclude Include="GameLib\UI\Button.h" />
    <ClInclude Include="Game\TestScene.h" />
    <ClInclude Include="Game\TestObjects\CubeObject.h" />
    <ClInclude Include="Game\TestObjects\TestSphere.h" />
    <ClInclude Include="Game\TestObjects\WallObject.h" />
    <ClInclude Include="GameLib\GameMath\Color\ColorLib.h" />
    <ClInclude Include="GameLib\Common\ThreadPool.h" />
    <ClInclude Include="GameLib\GameObject\GameObject.h" />
    <ClInclude Include="GameLib\GameObject\Components\Components.h" />
    <ClInclude Include="GameLib\GameObject\Components\BaseComponent.h" />
    <ClInclude Include="GameLib\GameObject\Components\Transform\Transform.h" />
    <ClInclude Include="GameLib\GameObject\Components\Camera\CameraComponent.h" />
    <ClInclude Include="GameLib\GameObject\Components\Collider\3D\BaseCollider.h" />
    <ClInclude Include="GameLib\GameObject\Components\Collider\3D\Shapes\BoxCollider.h" />
    <ClInclude Include="GameLib\GameObject\Components\Collider\3D\Shapes\CapsuleCollider.h" />
    <ClInclude Include="GameLib\GameObject\Components\Collider\3D\Shapes\Colliders.h" />
    <ClInclude Include="GameLib\GameObject\Components\Collider\3D\Shapes\LineCollider.h" />
    <ClInclude Include="GameLib\GameObject\Components\Collider\3D\Shapes\SphereCollider.h" />
    <ClInclude Include="GameLib\GameObject\Components\RigidBody\3D\RigidBody.h" />
    <ClInclude Include="GameLib\GameObject\Components\RigidBody\IRigidBody.h" />
    <ClInclude Include="GameLib\GameObject\Components\ComponentID.h" />
    <ClInclude Include="GameLib\GameObject\Components\RigidBody\2D\RigidBody2D.h" />
    <ClInclude Include="GameLib\GameObject\Managers\CameraManager.h" />
    <ClInclude Include="GameLib\GameObject\Managers\ObjectManager.h" />
    <ClInclude Include="GameLib\GameObject\Components\Collider\2D\Shapes\2DColliders.h" />
    <ClInclude Include="GameLib\GameObject\Components\Collider\2D\Shapes\BoxCollider2D.h" />
    <ClInclude Include="GameLib\GameObject\Components\Collider\2D\Shapes\CircleCollider2D.h" />
    <ClInclude Include="GameLib\GameObject\Components\Collider\2D\BaseCollider2D.h" />
    <ClInclude Include="GameLib\GameObject\Components\Collider\ICollider.h" />
    <ClInclude Include="GameLib\GameObject\Managers\2DManagers\Collider\CheckHit\CheckHit2D.h" />
    <ClInclude Include="GameLib\GameObject\Managers\2DManagers\Collider\HitInfomation\HitInfomation2D.h" />
    <ClInclude Include="GameLib\GameObject\Managers\2DManagers\Collider\CollideManager2D.h" />
    <ClInclude Include="GameLib\GameObject\Managers\2DManagers\PhysicsManager2D.h" />
    <ClInclude Include="GameLib\GameObject\Managers\2DManagers\Collider\SpaceDivision\Cell2D.h" />
    <ClInclude Include="GameLib\GameObject\Managers\2DManagers\Collider\SpaceDivision\ObjectForTree2D.h" />
    <ClInclude Include="GameLib\GameObject\Managers\2DManagers\Collider\SpaceDivision\TreeManager2D.h" />
    <ClInclude Include="GameLib\GameObject\Managers\3DManagers\Collider\CheckHit\CheckHit.h" />
    <ClInclude Include="GameLib\GameObject\Managers\3DManagers\Collider\CheckHit\CheckHitAuxiliary.h" />
    <ClInclude Include="GameLib\GameObject\Managers\3DManagers\Collider\HitInfomation\HitInfomation.h" />
    <ClInclude Include="GameLib\GameObject\Managers\3DManagers\Collider\SpaceDivision\Cell.h" />
    <ClInclude Include="GameLib\GameObject\Managers\3DManagers\Collider\SpaceDivision\ObjectForTree.h" />
    <ClInclude Include="GameLib\GameObject\Managers\3DManagers\Collider\SpaceDivision\TreeManager.h" />
    <ClInclude Include="GameLib\GameObject\Managers\3DManagers\Collider\CollideManager.h" />
    <ClInclude Include="GameLib\GameObject\Managers\3DManagers\PhysicsManager.h" />
    <ClInclude Include="GameLib\GameObject\Components\Camera\RayCast.h" />
    <ClInclude Include="GameLib\GameObject\Components\Collider\2D\Shapes\CapsuleCollider2D.h" />
    <ClInclude Include="GameLib\GameObject\Managers\2DManagers\Collider\CheckHit\CheckHitAuxiliary2D.h" />
    <ClInclude Include="GameLib\GameObject\Managers\3DManagers\HitContact.h" />
    <ClInclude Include="GameLib\GameObject\Managers\System\CollideEventSystem.h" />
  </ItemGroup>
  <ItemGroup>
    <ClCompile Include="pch.cpp" />
    <ClCompile Include="Main.cpp" />
    <ClCompile Include="DeviceResources.cpp">
      <Filter>Common</Filter>
    </ClCompile>
    <ClCompile Include="Game\Game.cpp" />
    <ClCompile Include="GameLib\Input\KeyInput.cpp" />
    <ClCompile Include="GameLib\Input\MouseInput.cpp" />
    <ClCompile Include="GameLib\Resources\ResourceManager.cpp" />
    <ClCompile Include="GameLib\Scene\Scene.cpp" />
    <ClCompile Include="GameLib\Scene\SceneManager.cpp" />
    <ClCompile Include="GameLib\Scene\Transition\FadeTransition.cpp" />
    <ClCompile Include="GameLib\Scene\Transition\SceneTransition.cpp" />
    <ClCompile Include="GameLib\Common\State\TransitionRule.cpp" />
    <ClCompile Include="GameLib\MyRenderer.cpp" />
    <ClCompile Include="GameLib\Random.cpp" />
    <ClCompile Include="GameLib\UI\Button.cpp" />
    <ClCompile Include="Game\TestScene.cpp" />
    <ClCompile Include="Game\TestObjects\CubeObject.cpp" />
    <ClCompile Include="Game\TestObjects\TestSphere.cpp" />
    <ClCompile Include="Game\TestObjects\WallObject.cpp" />
    <ClCompile Include="GameLib\Common\ThreadPool.cpp" />
    <ClCompile Include="GameLib\GameObject\GameObject.cpp" />
    <ClCompile Include="GameLib\GameObject\Components\BaseComponent.cpp" />
    <ClCompile Include="GameLib\GameObject\Components\Transform\Transform.cpp" />
    <ClCompile Include="GameLib\GameObject\Components\Camera\CameraComponent.cpp" />
    <ClCompile Include="GameLib\GameObject\Components\Collider\3D\BaseCollider.cpp" />
    <ClCompile Include="GameLib\GameObject\Components\Collider\3D\Shapes\BoxCollider.cpp" />
    <ClCompile Include="GameLib\GameObject\Components\Collider\3D\Shapes\CapsuleCollider.cpp" />
    <ClCompile Include="GameLib\GameObject\Components\Collider\3D\Shapes\SphereCollider.cpp" />
    <ClCompile Include="GameLib\GameObject\Components\RigidBody\3D\RigidBody.cpp" />
    <ClCompile Include="GameLib\GameObject\Components\RigidBody\2D\RigidBody2D.cpp" />
    <ClCompile Include="GameLib\GameObject\Managers\CameraManager.cpp" />
    <ClCompile Include="GameLib\GameObject\Managers\ObjectManager.cpp" />
    <ClCompile Include="GameLib\GameObject\Components\Collider\2D\Shapes\BoxCollider2D.cpp" />
    <ClCompile Include="GameLib\GameObject\Components\Collider\2D\Shapes\CircleCollider2D.cpp" />
    <ClCompile Include="GameLib\GameObject\Components\Collider\2D\BaseCollider2D.cpp" />
    <ClCompile Include="GameLib\GameObject\Components\RigidBody\IRigidBody.cpp" />
    <ClCompile Include="GameLib\GameObject\Components\Collider\ICollider.cpp" />
    <ClCompile Include="GameLib\GameObject\Managers\2DManagers\Collider\CheckHit\CheckHit2D.cpp" />
    <ClCompile Include="GameLib\GameObject\Managers\2DManagers\Collider\CollideManager2D.cpp" />
    <ClCompile Include="GameLib\GameObject\Managers\2DManagers\PhysicsManager2D.cpp" />
    <ClCompile Include="GameLib\GameObject\Managers\2DManagers\Collider\SpaceDivision\ObjectForTree2D.cpp" />
    <ClCompile Include="GameLib\GameObject\Managers\3DManagers\Collider\CheckHit\CheckHit.cpp" />
    <ClCompile Include="GameLib\GameObject\Managers\3DManagers\Collider\SpaceDivision\ObjectForTree.cpp" />
    <ClCompile Include="GameLib\GameObject\Managers\3DManagers\Collider\CollideManager.cpp" />
    <ClCompile Include="GameLib\GameObject\Managers\3DManagers\PhysicsManager.cpp" />
    <ClCompile Include="GameLib\GameObject\Components\Camera\RayCast.cpp" />
    <ClCompile Include="GameLib\GameObject\Components\Collider\2D\Shapes\CapsuleCollider2D.cpp" />
    <ClCompile Include="GameLib\GameObject\Managers\System\CollideEventSystem.cpp" />
  </ItemGroup>
  <ItemGroup>
    <ResourceCompile Include="resource.rc" />
  </ItemGroup>
  <ItemGroup>
    <Image Include="directx.ico">
      <Filter>Assets</Filter>
    </Image>
  </ItemGroup>
  <ItemGroup>
    <Manifest Include="settings.manifest">
      <Filter>Assets</Filter>
    </Manifest>
  </ItemGroup>
  <ItemGroup>
    <None Include="packages.config" />
  </ItemGroup>
</Project>